{
  "object": {
    "pins": [
      {
        "package": "ContentsquareCore",
        "repositoryURL": "https://github.com/ContentSquare/apple-core-sdk.git",
        "state": {
          "branch": null,
          "revision": "ca5775c24334f902f8143c83e3a361bf1998d878",
          "version": "0.1.4"
        }
      },
      {
        "package": "CSCrashReporter",
        "repositoryURL": "https://github.com/ContentSquare/CS_iOS_CrashReporter.git",
        "state": {
          "branch": null,
          "revision": "9f00d53c3d2c7a0b2d92a694fc9d4c993bb2b157",
          "version": "1.0.1"
        }
      },
      {
        "package": "CS_iOS_SDK",
        "repositoryURL": "https://github.com/ContentSquare/CS_iOS_SDK",
        "state": {
          "branch": null,
          "revision": "aafc50f1732a7fca397e86d0ebd39ec407b48539",
          "version": "4.51.0"
        }
      },
      {
        "package": "CSSwiftProtobuf",
        "repositoryURL": "https://github.com/ContentSquare/CSSwiftProtobuf.git",
        "state": {
          "branch": null,
          "revision": "0f26877bd719c45219a3063696d0d1d600a08c48",
          "version": "1.33.3"
        }
      },
      {
        "package": "TealiumSwift",
        "repositoryURL": "https://github.com/tealium/tealium-swift",
        "state": {
          "branch": null,
          "revision": "4264a4581e2f9aad5e4dd002282ea2952ec6d5d9",
          "version": "2.17.0"
        }
      }
    ]
  },
  "version": 1
}
