{
  "object": {
    "pins": [
      {
        "package": "ContentsquareCore",
        "repositoryURL": "https://github.com/ContentSquare/apple-core-sdk.git",
        "state": {
          "branch": null,
          "revision": "f74fec520fffa09210b168df8af6e92a42332a5f",
          "version": "0.2.0"
        }
      },
      {
        "package": "CSCrashReporter",
        "repositoryURL": "https://github.com/ContentSquare/CS_iOS_CrashReporter.git",
        "state": {
          "branch": null,
          "revision": "9f00d53c3d2c7a0b2d92a694fc9d4c993bb2b157",
          "version": "1.0.1"
        }
      },
      {
        "package": "CS_iOS_SDK",
        "repositoryURL": "https://github.com/ContentSquare/CS_iOS_SDK",
        "state": {
          "branch": null,
          "revision": "b2107a2dd8036ea1ffa72cc795a3a22a5ae4911b",
          "version": "4.52.1"
        }
      },
      {
        "package": "CSSwiftProtobuf",
        "repositoryURL": "https://github.com/ContentSquare/CSSwiftProtobuf.git",
        "state": {
          "branch": null,
          "revision": "0f26877bd719c45219a3063696d0d1d600a08c48",
          "version": "1.33.3"
        }
      },
      {
        "package": "ContentsquareUICore",
        "repositoryURL": "https://github.com/contentsquare/ios-ui-core-sdk.git",
        "state": {
          "branch": null,
          "revision": "5b5fe868c216c415114c4cb0309125d9a44d1999",
          "version": "0.1.0"
        }
      },
      {
        "package": "TealiumSwift",
        "repositoryURL": "https://github.com/tealium/tealium-swift",
        "state": {
          "branch": null,
          "revision": "8eb1ef1d1719a42d22179bf0f925e0fa43250c1a",
          "version": "2.18.4"
        }
      }
    ]
  },
  "version": 1
}
