{
  "object": {
    "pins": [
      {
        "package": "CSCrashReporter",
        "repositoryURL": "https://github.com/ContentSquare/CS_iOS_CrashReporter.git",
        "state": {
          "branch": null,
          "revision": "9f00d53c3d2c7a0b2d92a694fc9d4c993bb2b157",
          "version": "1.0.1"
        }
      },
      {
        "package": "CS_iOS_SDK",
        "repositoryURL": "https://github.com/ContentSquare/CS_iOS_SDK",
        "state": {
          "branch": null,
          "revision": "7058d9d7535eac0a94d4aa39a160ecaf02cba7b0",
          "version": "4.41.3"
        }
      },
      {
        "package": "CSSwiftProtobuf",
        "repositoryURL": "https://github.com/ContentSquare/CSSwiftProtobuf.git",
        "state": {
          "branch": null,
          "revision": "69144f5873981ce36d53ec188da920f0e05d4cf2",
          "version": "1.28.2"
        }
      },
      {
        "package": "TealiumSwift",
        "repositoryURL": "https://github.com/tealium/tealium-swift",
        "state": {
          "branch": null,
          "revision": "4264a4581e2f9aad5e4dd002282ea2952ec6d5d9",
          "version": "2.17.0"
        }
      }
    ]
  },
  "version": 1
}
