PODS:
  - ContentsquareCore (0.1.4):
    - CSSwiftProtobuf (= 1.33.3)
  - CS_iOS_SDK (4.51.0):
    - ContentsquareCore (= 0.1.4)
    - CSCrashReporter (= 1.0.1)
    - CSSwiftProtobuf (= 1.33.3)
  - CSCrashReporter (1.0.1)
  - CSSwiftProtobuf (1.33.3)
  - tealium-swift/Core (2.17.0)
  - tealium-swift/RemoteCommands (2.17.0):
    - tealium-swift/Core
  - TealiumContentsquare (2.4.0):
    - CS_iOS_SDK (~> 4.51)
    - tealium-swift/Core (~> 2.12)
    - tealium-swift/RemoteCommands (~> 2.12)

DEPENDENCIES:
  - TealiumContentsquare (from `../`)

SPEC REPOS:
  trunk:
    - ContentsquareCore
    - CS_iOS_SDK
    - CSCrashReporter
    - CSSwiftProtobuf
    - tealium-swift

EXTERNAL SOURCES:
  TealiumContentsquare:
    :path: "../"

SPEC CHECKSUMS:
  ContentsquareCore: 179ff40bf8fc602f95e2649c30a4f81d6e7b5201
  CS_iOS_SDK: e8db1b5b87c328719a85e7c3675c79d216fdc527
  CSCrashReporter: bcd93ebf9abaf6e3d8ee4494ab0d630b6750d338
  CSSwiftProtobuf: 1033fb116a18c31682345333847134fa1385601c
  tealium-swift: 3dc9ce0f27e22ce99ba2eff69e15050ece5e6ca9
  TealiumContentsquare: a050969ef225a5e183f028525474b0dc4562b045

PODFILE CHECKSUM: 484e8e2d3515241393ce3d9ae9ded5e340792e49

COCOAPODS: 1.16.2
