PODS:
  - CS_iOS_SDK (4.3.1)
  - tealium-swift/Core (2.3.1)
  - tealium-swift/RemoteCommands (2.3.1):
    - tealium-swift/Core
  - tealium-swift/TagManagement (2.3.1):
    - tealium-swift/Core
  - TealiumContentsquare (2.0.1):
    - CS_iOS_SDK (~> 4.3)
    - tealium-swift/Core (~> 2.3)
    - tealium-swift/RemoteCommands (~> 2.3)
    - tealium-swift/TagManagement (~> 2.3)

DEPENDENCIES:
  - TealiumContentsquare (from `../`)

SPEC REPOS:
  trunk:
    - CS_iOS_SDK
    - tealium-swift

EXTERNAL SOURCES:
  TealiumContentsquare:
    :path: "../"

SPEC CHECKSUMS:
  CS_iOS_SDK: 1fb8af3bec7a146e59f434841c5939b69f481061
  tealium-swift: 755e1ab63dc619709ec550c868ee5c293b05c10c
  TealiumContentsquare: 4cd055c7b506b51a2bb63a4f20e5d301782790c8

PODFILE CHECKSUM: 484e8e2d3515241393ce3d9ae9ded5e340792e49

COCOAPODS: 1.10.1
